
Microsoft Visual Studio Solution File, Format Version 12.00
# Visual Studio Version 16
VisualStudioVersion = 16.0.30413.136
MinimumVisualStudioVersion = 10.0.40219.1
Project("{FAE04EC0-301F-11D3-BF4B-00C04F79EFBC}") = "Shaffer_PE08-Q09", "Shaffer_PE08-Q09.csproj", "{5BA30913-9CB5-40C6-8361-FF7B5DDF6C73}"
EndProject
Global
	GlobalSection(SolutionConfigurationPlatforms) = preSolution
		Debug|Any CPU = Debug|Any CPU
		Release|Any CPU = Release|Any CPU
	EndGlobalSection
	GlobalSection(ProjectConfigurationPlatforms) = postSolution
		{5BA30913-9CB5-40C6-8361-FF7B5DDF6C73}.Debug|Any CPU.ActiveCfg = Debug|Any CPU
		{5BA30913-9CB5-40C6-8361-FF7B5DDF6C73}.Debug|Any CPU.Build.0 = Debug|Any CPU
		{5BA30913-9CB5-40C6-8361-FF7B5DDF6C73}.Release|Any CPU.ActiveCfg = Release|Any CPU
		{5BA30913-9CB5-40C6-8361-FF7B5DDF6C73}.Release|Any CPU.Build.0 = Release|Any CPU
	EndGlobalSection
	GlobalSection(SolutionProperties) = preSolution
		HideSolutionNode = FALSE
	EndGlobalSection
	GlobalSection(ExtensibilityGlobals) = postSolution
		SolutionGuid = {AA859AC2-2D11-407C-9C80-E54BE4AA76D7}
	EndGlobalSection
EndGlobal
