
Microsoft Visual Studio Solution File, Format Version 12.00
# Visual Studio Version 16
VisualStudioVersion = 16.0.30413.136
MinimumVisualStudioVersion = 10.0.40219.1
Project("{FAE04EC0-301F-11D3-BF4B-00C04F79EFBC}") = "CafeLib", "CafeLib.csproj", "{93762BC0-59EA-4F09-9373-16357818B05A}"
EndProject
Global
	GlobalSection(SolutionConfigurationPlatforms) = preSolution
		Debug|Any CPU = Debug|Any CPU
		Release|Any CPU = Release|Any CPU
	EndGlobalSection
	GlobalSection(ProjectConfigurationPlatforms) = postSolution
		{93762BC0-59EA-4F09-9373-16357818B05A}.Debug|Any CPU.ActiveCfg = Debug|Any CPU
		{93762BC0-59EA-4F09-9373-16357818B05A}.Debug|Any CPU.Build.0 = Debug|Any CPU
		{93762BC0-59EA-4F09-9373-16357818B05A}.Release|Any CPU.ActiveCfg = Release|Any CPU
		{93762BC0-59EA-4F09-9373-16357818B05A}.Release|Any CPU.Build.0 = Release|Any CPU
	EndGlobalSection
	GlobalSection(SolutionProperties) = preSolution
		HideSolutionNode = FALSE
	EndGlobalSection
	GlobalSection(ExtensibilityGlobals) = postSolution
		SolutionGuid = {7353B35E-3822-43C8-966C-47214B65CD14}
	EndGlobalSection
EndGlobal
