
Microsoft Visual Studio Solution File, Format Version 12.00
# Visual Studio Version 16
VisualStudioVersion = 16.0.30413.136
MinimumVisualStudioVersion = 10.0.40219.1
Project("{FAE04EC0-301F-11D3-BF4B-00C04F79EFBC}") = "Shaffer_PE01", "Shaffer_PE01.csproj", "{4F47F8D1-6B7C-458D-A85E-36CD0A7E3CA2}"
EndProject
Global
	GlobalSection(SolutionConfigurationPlatforms) = preSolution
		Debug|Any CPU = Debug|Any CPU
		Release|Any CPU = Release|Any CPU
	EndGlobalSection
	GlobalSection(ProjectConfigurationPlatforms) = postSolution
		{4F47F8D1-6B7C-458D-A85E-36CD0A7E3CA2}.Debug|Any CPU.ActiveCfg = Debug|Any CPU
		{4F47F8D1-6B7C-458D-A85E-36CD0A7E3CA2}.Debug|Any CPU.Build.0 = Debug|Any CPU
		{4F47F8D1-6B7C-458D-A85E-36CD0A7E3CA2}.Release|Any CPU.ActiveCfg = Release|Any CPU
		{4F47F8D1-6B7C-458D-A85E-36CD0A7E3CA2}.Release|Any CPU.Build.0 = Release|Any CPU
	EndGlobalSection
	GlobalSection(SolutionProperties) = preSolution
		HideSolutionNode = FALSE
	EndGlobalSection
	GlobalSection(ExtensibilityGlobals) = postSolution
		SolutionGuid = {B58E5821-C5B4-42F1-84DD-BF2C68A9F1BB}
	EndGlobalSection
EndGlobal
