
Microsoft Visual Studio Solution File, Format Version 12.00
# Visual Studio Version 16
VisualStudioVersion = 16.0.30413.136
MinimumVisualStudioVersion = 10.0.40219.1
Project("{FAE04EC0-301F-11D3-BF4B-00C04F79EFBC}") = "Shaffer_PE03", "Shaffer_PE03.csproj", "{8A53CAA7-79B4-47D4-AC47-137953449D20}"
EndProject
Global
	GlobalSection(SolutionConfigurationPlatforms) = preSolution
		Debug|Any CPU = Debug|Any CPU
		Release|Any CPU = Release|Any CPU
	EndGlobalSection
	GlobalSection(ProjectConfigurationPlatforms) = postSolution
		{8A53CAA7-79B4-47D4-AC47-137953449D20}.Debug|Any CPU.ActiveCfg = Debug|Any CPU
		{8A53CAA7-79B4-47D4-AC47-137953449D20}.Debug|Any CPU.Build.0 = Debug|Any CPU
		{8A53CAA7-79B4-47D4-AC47-137953449D20}.Release|Any CPU.ActiveCfg = Release|Any CPU
		{8A53CAA7-79B4-47D4-AC47-137953449D20}.Release|Any CPU.Build.0 = Release|Any CPU
	EndGlobalSection
	GlobalSection(SolutionProperties) = preSolution
		HideSolutionNode = FALSE
	EndGlobalSection
	GlobalSection(ExtensibilityGlobals) = postSolution
		SolutionGuid = {24B34A2F-F4B7-4E7C-AF7B-3AF314446BB8}
	EndGlobalSection
EndGlobal
