
Microsoft Visual Studio Solution File, Format Version 12.00
# Visual Studio Version 16
VisualStudioVersion = 16.0.30413.136
MinimumVisualStudioVersion = 10.0.40219.1
Project("{FAE04EC0-301F-11D3-BF4B-00C04F79EFBC}") = "Shaffer_PE08-Q05", "Shaffer_PE08-Q05.csproj", "{81F153EC-9873-431E-9D84-F64CD152B745}"
EndProject
Global
	GlobalSection(SolutionConfigurationPlatforms) = preSolution
		Debug|Any CPU = Debug|Any CPU
		Release|Any CPU = Release|Any CPU
	EndGlobalSection
	GlobalSection(ProjectConfigurationPlatforms) = postSolution
		{81F153EC-9873-431E-9D84-F64CD152B745}.Debug|Any CPU.ActiveCfg = Debug|Any CPU
		{81F153EC-9873-431E-9D84-F64CD152B745}.Debug|Any CPU.Build.0 = Debug|Any CPU
		{81F153EC-9873-431E-9D84-F64CD152B745}.Release|Any CPU.ActiveCfg = Release|Any CPU
		{81F153EC-9873-431E-9D84-F64CD152B745}.Release|Any CPU.Build.0 = Release|Any CPU
	EndGlobalSection
	GlobalSection(SolutionProperties) = preSolution
		HideSolutionNode = FALSE
	EndGlobalSection
	GlobalSection(ExtensibilityGlobals) = postSolution
		SolutionGuid = {2A3EBB5C-F5DE-4293-B69A-D40D8B63AA00}
	EndGlobalSection
EndGlobal
