
Microsoft Visual Studio Solution File, Format Version 12.00
# Visual Studio Version 16
VisualStudioVersion = 16.0.30413.136
MinimumVisualStudioVersion = 10.0.40219.1
Project("{FAE04EC0-301F-11D3-BF4B-00C04F79EFBC}") = "Shaffer_UnitTest02-Q14", "Shaffer_UnitTest02-Q14.csproj", "{D6D94E1D-AF9E-4C83-A81A-E6BB034F0689}"
EndProject
Global
	GlobalSection(SolutionConfigurationPlatforms) = preSolution
		Debug|Any CPU = Debug|Any CPU
		Release|Any CPU = Release|Any CPU
	EndGlobalSection
	GlobalSection(ProjectConfigurationPlatforms) = postSolution
		{D6D94E1D-AF9E-4C83-A81A-E6BB034F0689}.Debug|Any CPU.ActiveCfg = Debug|Any CPU
		{D6D94E1D-AF9E-4C83-A81A-E6BB034F0689}.Debug|Any CPU.Build.0 = Debug|Any CPU
		{D6D94E1D-AF9E-4C83-A81A-E6BB034F0689}.Release|Any CPU.ActiveCfg = Release|Any CPU
		{D6D94E1D-AF9E-4C83-A81A-E6BB034F0689}.Release|Any CPU.Build.0 = Release|Any CPU
	EndGlobalSection
	GlobalSection(SolutionProperties) = preSolution
		HideSolutionNode = FALSE
	EndGlobalSection
	GlobalSection(ExtensibilityGlobals) = postSolution
		SolutionGuid = {AAAB815E-4350-4DE9-A81C-9B2A3E2D3013}
	EndGlobalSection
EndGlobal
