
Microsoft Visual Studio Solution File, Format Version 12.00
# Visual Studio Version 16
VisualStudioVersion = 16.0.30413.136
MinimumVisualStudioVersion = 10.0.40219.1
Project("{FAE04EC0-301F-11D3-BF4B-00C04F79EFBC}") = "Shaffer_UnitTest02-Q05", "Shaffer_UnitTest02-Q05.csproj", "{5C54730D-D7B9-4E59-B1E9-215E1005F6ED}"
EndProject
Global
	GlobalSection(SolutionConfigurationPlatforms) = preSolution
		Debug|Any CPU = Debug|Any CPU
		Release|Any CPU = Release|Any CPU
	EndGlobalSection
	GlobalSection(ProjectConfigurationPlatforms) = postSolution
		{5C54730D-D7B9-4E59-B1E9-215E1005F6ED}.Debug|Any CPU.ActiveCfg = Debug|Any CPU
		{5C54730D-D7B9-4E59-B1E9-215E1005F6ED}.Debug|Any CPU.Build.0 = Debug|Any CPU
		{5C54730D-D7B9-4E59-B1E9-215E1005F6ED}.Release|Any CPU.ActiveCfg = Release|Any CPU
		{5C54730D-D7B9-4E59-B1E9-215E1005F6ED}.Release|Any CPU.Build.0 = Release|Any CPU
	EndGlobalSection
	GlobalSection(SolutionProperties) = preSolution
		HideSolutionNode = FALSE
	EndGlobalSection
	GlobalSection(ExtensibilityGlobals) = postSolution
		SolutionGuid = {16710CA1-684C-4C11-8C45-E60084638C15}
	EndGlobalSection
EndGlobal
