
Microsoft Visual Studio Solution File, Format Version 12.00
# Visual Studio Version 16
VisualStudioVersion = 16.0.30413.136
MinimumVisualStudioVersion = 10.0.40219.1
Project("{FAE04EC0-301F-11D3-BF4B-00C04F79EFBC}") = "Shaffer_UnitTest03-Q7", "Shaffer_UnitTest03-Q7.csproj", "{4FFF05D9-A118-49EF-95C7-45703E6504EB}"
EndProject
Global
	GlobalSection(SolutionConfigurationPlatforms) = preSolution
		Debug|Any CPU = Debug|Any CPU
		Release|Any CPU = Release|Any CPU
	EndGlobalSection
	GlobalSection(ProjectConfigurationPlatforms) = postSolution
		{4FFF05D9-A118-49EF-95C7-45703E6504EB}.Debug|Any CPU.ActiveCfg = Debug|Any CPU
		{4FFF05D9-A118-49EF-95C7-45703E6504EB}.Debug|Any CPU.Build.0 = Debug|Any CPU
		{4FFF05D9-A118-49EF-95C7-45703E6504EB}.Release|Any CPU.ActiveCfg = Release|Any CPU
		{4FFF05D9-A118-49EF-95C7-45703E6504EB}.Release|Any CPU.Build.0 = Release|Any CPU
	EndGlobalSection
	GlobalSection(SolutionProperties) = preSolution
		HideSolutionNode = FALSE
	EndGlobalSection
	GlobalSection(ExtensibilityGlobals) = postSolution
		SolutionGuid = {79B5CF32-62CE-4DC4-91B4-5E2561D4E973}
	EndGlobalSection
EndGlobal
