
Microsoft Visual Studio Solution File, Format Version 12.00
# Visual Studio Version 16
VisualStudioVersion = 16.0.30413.136
MinimumVisualStudioVersion = 10.0.40219.1
Project("{FAE04EC0-301F-11D3-BF4B-00C04F79EFBC}") = "Shaffer_UnitTest01-Q14", "Shaffer_UnitTest01-Q14.csproj", "{07FAEABF-3B97-475D-85B0-2478787A8FDC}"
EndProject
Global
	GlobalSection(SolutionConfigurationPlatforms) = preSolution
		Debug|Any CPU = Debug|Any CPU
		Release|Any CPU = Release|Any CPU
	EndGlobalSection
	GlobalSection(ProjectConfigurationPlatforms) = postSolution
		{07FAEABF-3B97-475D-85B0-2478787A8FDC}.Debug|Any CPU.ActiveCfg = Debug|Any CPU
		{07FAEABF-3B97-475D-85B0-2478787A8FDC}.Debug|Any CPU.Build.0 = Debug|Any CPU
		{07FAEABF-3B97-475D-85B0-2478787A8FDC}.Release|Any CPU.ActiveCfg = Release|Any CPU
		{07FAEABF-3B97-475D-85B0-2478787A8FDC}.Release|Any CPU.Build.0 = Release|Any CPU
	EndGlobalSection
	GlobalSection(SolutionProperties) = preSolution
		HideSolutionNode = FALSE
	EndGlobalSection
	GlobalSection(ExtensibilityGlobals) = postSolution
		SolutionGuid = {E644AEC6-20CE-4098-AAAB-4B41F4CAF7E5}
	EndGlobalSection
EndGlobal
