
Microsoft Visual Studio Solution File, Format Version 12.00
# Visual Studio Version 16
VisualStudioVersion = 16.0.30413.136
MinimumVisualStudioVersion = 10.0.40219.1
Project("{FAE04EC0-301F-11D3-BF4B-00C04F79EFBC}") = "Shaffer_PE12-Q02", "Shaffer_PE12-Q02.csproj", "{ECD1FDA5-2A00-46A9-A2B1-A0358F9CB8DA}"
EndProject
Global
	GlobalSection(SolutionConfigurationPlatforms) = preSolution
		Debug|Any CPU = Debug|Any CPU
		Release|Any CPU = Release|Any CPU
	EndGlobalSection
	GlobalSection(ProjectConfigurationPlatforms) = postSolution
		{ECD1FDA5-2A00-46A9-A2B1-A0358F9CB8DA}.Debug|Any CPU.ActiveCfg = Debug|Any CPU
		{ECD1FDA5-2A00-46A9-A2B1-A0358F9CB8DA}.Debug|Any CPU.Build.0 = Debug|Any CPU
		{ECD1FDA5-2A00-46A9-A2B1-A0358F9CB8DA}.Release|Any CPU.ActiveCfg = Release|Any CPU
		{ECD1FDA5-2A00-46A9-A2B1-A0358F9CB8DA}.Release|Any CPU.Build.0 = Release|Any CPU
	EndGlobalSection
	GlobalSection(SolutionProperties) = preSolution
		HideSolutionNode = FALSE
	EndGlobalSection
	GlobalSection(ExtensibilityGlobals) = postSolution
		SolutionGuid = {DA5CF7DF-BE24-495E-A9BA-961FEF320C51}
	EndGlobalSection
EndGlobal
